
Microsoft Visual Studio Solution File, Format Version 12.00
# Visual Studio 2012
Project("{FAE04EC0-301F-11D3-BF4B-00C04F79EFBC}") = "exoPP8", "exoPP8\exoPP8.csproj", "{C7684D6F-DEC3-4114-B657-25B7304E19C0}"
EndProject
Project("{FAE04EC0-301F-11D3-BF4B-00C04F79EFBC}") = "exoPP91", "exoPP91\exoPP91.csproj", "{7E06EEA1-4A3A-4A2A-A193-60535B116938}"
EndProject
Project("{FAE04EC0-301F-11D3-BF4B-00C04F79EFBC}") = "exoPP93", "exoPP93\exoPP93.csproj", "{7005E8F1-7518-4364-9E7F-1A2F2E14AF2A}"
EndProject
Project("{FAE04EC0-301F-11D3-BF4B-00C04F79EFBC}") = "exoPP94", "exoPP94\exoPP94.csproj", "{31DC3E7D-8243-4E56-80D0-99B2AF5E40B1}"
EndProject
Project("{FAE04EC0-301F-11D3-BF4B-00C04F79EFBC}") = "exoPP95", "exoPP95\exoPP95.csproj", "{D5A1E92F-D75D-4586-A1F9-3BE1E98641A3}"
EndProject
Project("{FAE04EC0-301F-11D3-BF4B-00C04F79EFBC}") = "exoPP97", "exoPP97\exoPP97.csproj", "{F5063876-659F-4BA8-A393-897FE9226B31}"
EndProject
Project("{FAE04EC0-301F-11D3-BF4B-00C04F79EFBC}") = "exoPP11-1", "exoPP11-1\exoPP11-1.csproj", "{719C887A-236C-452F-AFC9-037B9D0C3DA5}"
EndProject
Project("{FAE04EC0-301F-11D3-BF4B-00C04F79EFBC}") = "exoPP11-2", "exoPP11-2\exoPP11-2.csproj", "{EC5BED0F-E789-42C1-A79A-9189079A3458}"
EndProject
Project("{FAE04EC0-301F-11D3-BF4B-00C04F79EFBC}") = "exoPP11-3a", "exoPP11-3a\exoPP11-3a.csproj", "{2EE049FE-6C2B-4C81-AE92-EE7D104147F5}"
EndProject
Project("{FAE04EC0-301F-11D3-BF4B-00C04F79EFBC}") = "exoPP11-3b", "exoPP11-3b\exoPP11-3b.csproj", "{26FB6F15-4FE8-4907-88D3-5BF6D579F4A1}"
EndProject
Project("{FAE04EC0-301F-11D3-BF4B-00C04F79EFBC}") = "exoPP11-4", "exoPP11-4\exoPP11-4.csproj", "{F0DA8D46-ED07-4654-B777-1E3EF89A4BAF}"
EndProject
Project("{FAE04EC0-301F-11D3-BF4B-00C04F79EFBC}") = "exoPP11-6", "exoPP11-6\exoPP11-6.csproj", "{C813B7B3-B56F-4987-838B-DD1D8F41C8A2}"
EndProject
Project("{FAE04EC0-301F-11D3-BF4B-00C04F79EFBC}") = "exoPP11-5", "exoPP11-5\exoPP11-5.csproj", "{B70FA7EC-2422-4DB3-A827-A27624272335}"
EndProject
Global
	GlobalSection(SolutionConfigurationPlatforms) = preSolution
		Debug|Any CPU = Debug|Any CPU
		Release|Any CPU = Release|Any CPU
	EndGlobalSection
	GlobalSection(ProjectConfigurationPlatforms) = postSolution
		{C7684D6F-DEC3-4114-B657-25B7304E19C0}.Debug|Any CPU.ActiveCfg = Debug|Any CPU
		{C7684D6F-DEC3-4114-B657-25B7304E19C0}.Debug|Any CPU.Build.0 = Debug|Any CPU
		{C7684D6F-DEC3-4114-B657-25B7304E19C0}.Release|Any CPU.ActiveCfg = Release|Any CPU
		{C7684D6F-DEC3-4114-B657-25B7304E19C0}.Release|Any CPU.Build.0 = Release|Any CPU
		{7E06EEA1-4A3A-4A2A-A193-60535B116938}.Debug|Any CPU.ActiveCfg = Debug|Any CPU
		{7E06EEA1-4A3A-4A2A-A193-60535B116938}.Debug|Any CPU.Build.0 = Debug|Any CPU
		{7E06EEA1-4A3A-4A2A-A193-60535B116938}.Release|Any CPU.ActiveCfg = Release|Any CPU
		{7E06EEA1-4A3A-4A2A-A193-60535B116938}.Release|Any CPU.Build.0 = Release|Any CPU
		{7005E8F1-7518-4364-9E7F-1A2F2E14AF2A}.Debug|Any CPU.ActiveCfg = Debug|Any CPU
		{7005E8F1-7518-4364-9E7F-1A2F2E14AF2A}.Debug|Any CPU.Build.0 = Debug|Any CPU
		{7005E8F1-7518-4364-9E7F-1A2F2E14AF2A}.Release|Any CPU.ActiveCfg = Release|Any CPU
		{7005E8F1-7518-4364-9E7F-1A2F2E14AF2A}.Release|Any CPU.Build.0 = Release|Any CPU
		{31DC3E7D-8243-4E56-80D0-99B2AF5E40B1}.Debug|Any CPU.ActiveCfg = Debug|Any CPU
		{31DC3E7D-8243-4E56-80D0-99B2AF5E40B1}.Debug|Any CPU.Build.0 = Debug|Any CPU
		{31DC3E7D-8243-4E56-80D0-99B2AF5E40B1}.Release|Any CPU.ActiveCfg = Release|Any CPU
		{31DC3E7D-8243-4E56-80D0-99B2AF5E40B1}.Release|Any CPU.Build.0 = Release|Any CPU
		{D5A1E92F-D75D-4586-A1F9-3BE1E98641A3}.Debug|Any CPU.ActiveCfg = Debug|Any CPU
		{D5A1E92F-D75D-4586-A1F9-3BE1E98641A3}.Debug|Any CPU.Build.0 = Debug|Any CPU
		{D5A1E92F-D75D-4586-A1F9-3BE1E98641A3}.Release|Any CPU.ActiveCfg = Release|Any CPU
		{D5A1E92F-D75D-4586-A1F9-3BE1E98641A3}.Release|Any CPU.Build.0 = Release|Any CPU
		{F5063876-659F-4BA8-A393-897FE9226B31}.Debug|Any CPU.ActiveCfg = Debug|Any CPU
		{F5063876-659F-4BA8-A393-897FE9226B31}.Debug|Any CPU.Build.0 = Debug|Any CPU
		{F5063876-659F-4BA8-A393-897FE9226B31}.Release|Any CPU.ActiveCfg = Release|Any CPU
		{F5063876-659F-4BA8-A393-897FE9226B31}.Release|Any CPU.Build.0 = Release|Any CPU
		{719C887A-236C-452F-AFC9-037B9D0C3DA5}.Debug|Any CPU.ActiveCfg = Debug|Any CPU
		{719C887A-236C-452F-AFC9-037B9D0C3DA5}.Debug|Any CPU.Build.0 = Debug|Any CPU
		{719C887A-236C-452F-AFC9-037B9D0C3DA5}.Release|Any CPU.ActiveCfg = Release|Any CPU
		{719C887A-236C-452F-AFC9-037B9D0C3DA5}.Release|Any CPU.Build.0 = Release|Any CPU
		{EC5BED0F-E789-42C1-A79A-9189079A3458}.Debug|Any CPU.ActiveCfg = Debug|Any CPU
		{EC5BED0F-E789-42C1-A79A-9189079A3458}.Debug|Any CPU.Build.0 = Debug|Any CPU
		{EC5BED0F-E789-42C1-A79A-9189079A3458}.Release|Any CPU.ActiveCfg = Release|Any CPU
		{EC5BED0F-E789-42C1-A79A-9189079A3458}.Release|Any CPU.Build.0 = Release|Any CPU
		{2EE049FE-6C2B-4C81-AE92-EE7D104147F5}.Debug|Any CPU.ActiveCfg = Debug|Any CPU
		{2EE049FE-6C2B-4C81-AE92-EE7D104147F5}.Debug|Any CPU.Build.0 = Debug|Any CPU
		{2EE049FE-6C2B-4C81-AE92-EE7D104147F5}.Release|Any CPU.ActiveCfg = Release|Any CPU
		{2EE049FE-6C2B-4C81-AE92-EE7D104147F5}.Release|Any CPU.Build.0 = Release|Any CPU
		{26FB6F15-4FE8-4907-88D3-5BF6D579F4A1}.Debug|Any CPU.ActiveCfg = Debug|Any CPU
		{26FB6F15-4FE8-4907-88D3-5BF6D579F4A1}.Debug|Any CPU.Build.0 = Debug|Any CPU
		{26FB6F15-4FE8-4907-88D3-5BF6D579F4A1}.Release|Any CPU.ActiveCfg = Release|Any CPU
		{26FB6F15-4FE8-4907-88D3-5BF6D579F4A1}.Release|Any CPU.Build.0 = Release|Any CPU
		{F0DA8D46-ED07-4654-B777-1E3EF89A4BAF}.Debug|Any CPU.ActiveCfg = Debug|Any CPU
		{F0DA8D46-ED07-4654-B777-1E3EF89A4BAF}.Debug|Any CPU.Build.0 = Debug|Any CPU
		{F0DA8D46-ED07-4654-B777-1E3EF89A4BAF}.Release|Any CPU.ActiveCfg = Release|Any CPU
		{F0DA8D46-ED07-4654-B777-1E3EF89A4BAF}.Release|Any CPU.Build.0 = Release|Any CPU
		{C813B7B3-B56F-4987-838B-DD1D8F41C8A2}.Debug|Any CPU.ActiveCfg = Debug|Any CPU
		{C813B7B3-B56F-4987-838B-DD1D8F41C8A2}.Debug|Any CPU.Build.0 = Debug|Any CPU
		{C813B7B3-B56F-4987-838B-DD1D8F41C8A2}.Release|Any CPU.ActiveCfg = Release|Any CPU
		{C813B7B3-B56F-4987-838B-DD1D8F41C8A2}.Release|Any CPU.Build.0 = Release|Any CPU
		{B70FA7EC-2422-4DB3-A827-A27624272335}.Debug|Any CPU.ActiveCfg = Debug|Any CPU
		{B70FA7EC-2422-4DB3-A827-A27624272335}.Debug|Any CPU.Build.0 = Debug|Any CPU
		{B70FA7EC-2422-4DB3-A827-A27624272335}.Release|Any CPU.ActiveCfg = Release|Any CPU
		{B70FA7EC-2422-4DB3-A827-A27624272335}.Release|Any CPU.Build.0 = Release|Any CPU
	EndGlobalSection
	GlobalSection(SolutionProperties) = preSolution
		HideSolutionNode = FALSE
	EndGlobalSection
EndGlobal
