
Microsoft Visual Studio Solution File, Format Version 12.00
# Visual Studio 2012
Project("{FAE04EC0-301F-11D3-BF4B-00C04F79EFBC}") = "ProjetEnonce1", "ProjetEnonce1\ProjetEnonce1.csproj", "{EBAB616F-5779-46B4-9024-8A28F5C7C0FB}"
EndProject
Global
	GlobalSection(SolutionConfigurationPlatforms) = preSolution
		Debug|Any CPU = Debug|Any CPU
		Release|Any CPU = Release|Any CPU
	EndGlobalSection
	GlobalSection(ProjectConfigurationPlatforms) = postSolution
		{EBAB616F-5779-46B4-9024-8A28F5C7C0FB}.Debug|Any CPU.ActiveCfg = Debug|Any CPU
		{EBAB616F-5779-46B4-9024-8A28F5C7C0FB}.Debug|Any CPU.Build.0 = Debug|Any CPU
		{EBAB616F-5779-46B4-9024-8A28F5C7C0FB}.Release|Any CPU.ActiveCfg = Release|Any CPU
		{EBAB616F-5779-46B4-9024-8A28F5C7C0FB}.Release|Any CPU.Build.0 = Release|Any CPU
	EndGlobalSection
	GlobalSection(SolutionProperties) = preSolution
		HideSolutionNode = FALSE
	EndGlobalSection
EndGlobal
